// !$*UTF8*$!
{
	archiveVersion = 1;
	classes = {
	};
	objectVersion = 56;
	objects = {

/* Begin PBXBuildFile section */
		516D11132AF1A18900F23A38 /* AppDelegate.swift in Sources */ = {isa = PBXBuildFile; fileRef = 516D11122AF1A18900F23A38 /* AppDelegate.swift */; };
		516D11152AF1A18900F23A38 /* SceneDelegate.swift in Sources */ = {isa = PBXBuildFile; fileRef = 516D11142AF1A18900F23A38 /* SceneDelegate.swift */; };
		516D11172AF1A18900F23A38 /* CountdownsTableViewController.swift in Sources */ = {isa = PBXBuildFile; fileRef = 516D11162AF1A18900F23A38 /* CountdownsTableViewController.swift */; };
		516D111C2AF1A18A00F23A38 /* Assets.xcassets in Resources */ = {isa = PBXBuildFile; fileRef = 516D111B2AF1A18A00F23A38 /* Assets.xcassets */; };
		516D111F2AF1A18A00F23A38 /* LaunchScreen.storyboard in Resources */ = {isa = PBXBuildFile; fileRef = 516D111D2AF1A18A00F23A38 /* LaunchScreen.storyboard */; };
		516D11272AF1A24700F23A38 /* Countdown.swift in Sources */ = {isa = PBXBuildFile; fileRef = 516D11262AF1A24700F23A38 /* Countdown.swift */; };
		516D11292AF1A66000F23A38 /* DateCreator.swift in Sources */ = {isa = PBXBuildFile; fileRef = 516D11282AF1A66000F23A38 /* DateCreator.swift */; };
		516D112B2AF1A9FE00F23A38 /* CountdownTableViewCell.swift in Sources */ = {isa = PBXBuildFile; fileRef = 516D112A2AF1A9FE00F23A38 /* CountdownTableViewCell.swift */; };
		516D112D2AF2A27400F23A38 /* Theme.swift in Sources */ = {isa = PBXBuildFile; fileRef = 516D112C2AF2A27400F23A38 /* Theme.swift */; };
/* End PBXBuildFile section */

/* Begin PBXFileReference section */
		516D110F2AF1A18900F23A38 /* Final project.app */ = {isa = PBXFileReference; explicitFileType = wrapper.application; includeInIndex = 0; path = "Final project.app"; sourceTree = BUILT_PRODUCTS_DIR; };
		516D11122AF1A18900F23A38 /* AppDelegate.swift */ = {isa = PBXFileReference; lastKnownFileType = sourcecode.swift; path = AppDelegate.swift; sourceTree = "<group>"; };
		516D11142AF1A18900F23A38 /* SceneDelegate.swift */ = {isa = PBXFileReference; lastKnownFileType = sourcecode.swift; path = SceneDelegate.swift; sourceTree = "<group>"; };
		516D11162AF1A18900F23A38 /* CountdownsTableViewController.swift */ = {isa = PBXFileReference; lastKnownFileType = sourcecode.swift; path = CountdownsTableViewController.swift; sourceTree = "<group>"; };
		516D111B2AF1A18A00F23A38 /* Assets.xcassets */ = {isa = PBXFileReference; lastKnownFileType = folder.assetcatalog; path = Assets.xcassets; sourceTree = "<group>"; };
		516D111E2AF1A18A00F23A38 /* Base */ = {isa = PBXFileReference; lastKnownFileType = file.storyboard; name = Base; path = Base.lproj/LaunchScreen.storyboard; sourceTree = "<group>"; };
		516D11202AF1A18A00F23A38 /* Info.plist */ = {isa = PBXFileReference; lastKnownFileType = text.plist.xml; path = Info.plist; sourceTree = "<group>"; };
		516D11262AF1A24700F23A38 /* Countdown.swift */ = {isa = PBXFileReference; lastKnownFileType = sourcecode.swift; path = Countdown.swift; sourceTree = "<group>"; };
		516D11282AF1A66000F23A38 /* DateCreator.swift */ = {isa = PBXFileReference; lastKnownFileType = sourcecode.swift; path = DateCreator.swift; sourceTree = "<group>"; };
		516D112A2AF1A9FE00F23A38 /* CountdownTableViewCell.swift */ = {isa = PBXFileReference; lastKnownFileType = sourcecode.swift; path = CountdownTableViewCell.swift; sourceTree = "<group>"; };
		516D112C2AF2A27400F23A38 /* Theme.swift */ = {isa = PBXFileReference; lastKnownFileType = sourcecode.swift; path = Theme.swift; sourceTree = "<group>"; };
/* End PBXFileReference section */

/* Begin PBXFrameworksBuildPhase section */
		516D110C2AF1A18900F23A38 /* Frameworks */ = {
			isa = PBXFrameworksBuildPhase;
			buildActionMask = 2147483647;
			files = (
			);
			runOnlyForDeploymentPostprocessing = 0;
		};
/* End PBXFrameworksBuildPhase section */

/* Begin PBXGroup section */
		516D11062AF1A18900F23A38 = {
			isa = PBXGroup;
			children = (
				516D11112AF1A18900F23A38 /* Final project */,
				516D11102AF1A18900F23A38 /* Products */,
			);
			sourceTree = "<group>";
		};
		516D11102AF1A18900F23A38 /* Products */ = {
			isa = PBXGroup;
			children = (
				516D110F2AF1A18900F23A38 /* Final project.app */,
			);
			name = Products;
			sourceTree = "<group>";
		};
		516D11112AF1A18900F23A38 /* Final project */ = {
			isa = PBXGroup;
			children = (
				516D11122AF1A18900F23A38 /* AppDelegate.swift */,
				516D11142AF1A18900F23A38 /* SceneDelegate.swift */,
				516D112E2AF2A8A700F23A38 /* ViewControllers */,
				516D11312AF2A8E300F23A38 /* CustomElements */,
				516D112F2AF2A8CC00F23A38 /* Model */,
				516D11302AF2A8D900F23A38 /* Services */,
				516D111B2AF1A18A00F23A38 /* Assets.xcassets */,
				516D111D2AF1A18A00F23A38 /* LaunchScreen.storyboard */,
				516D11202AF1A18A00F23A38 /* Info.plist */,
			);
			path = "Final project";
			sourceTree = "<group>";
		};
		516D112E2AF2A8A700F23A38 /* ViewControllers */ = {
			isa = PBXGroup;
			children = (
				516D11162AF1A18900F23A38 /* CountdownsTableViewController.swift */,
			);
			path = ViewControllers;
			sourceTree = "<group>";
		};
		516D112F2AF2A8CC00F23A38 /* Model */ = {
			isa = PBXGroup;
			children = (
				516D11262AF1A24700F23A38 /* Countdown.swift */,
			);
			path = Model;
			sourceTree = "<group>";
		};
		516D11302AF2A8D900F23A38 /* Services */ = {
			isa = PBXGroup;
			children = (
				516D112C2AF2A27400F23A38 /* Theme.swift */,
				516D11282AF1A66000F23A38 /* DateCreator.swift */,
			);
			path = Services;
			sourceTree = "<group>";
		};
		516D11312AF2A8E300F23A38 /* CustomElements */ = {
			isa = PBXGroup;
			children = (
				516D112A2AF1A9FE00F23A38 /* CountdownTableViewCell.swift */,
			);
			path = CustomElements;
			sourceTree = "<group>";
		};
/* End PBXGroup section */

/* Begin PBXNativeTarget section */
		516D110E2AF1A18900F23A38 /* Final project */ = {
			isa = PBXNativeTarget;
			buildConfigurationList = 516D11232AF1A18A00F23A38 /* Build configuration list for PBXNativeTarget "Final project" */;
			buildPhases = (
				516D110B2AF1A18900F23A38 /* Sources */,
				516D110C2AF1A18900F23A38 /* Frameworks */,
				516D110D2AF1A18900F23A38 /* Resources */,
			);
			buildRules = (
			);
			dependencies = (
			);
			name = "Final project";
			productName = "Final project";
			productReference = 516D110F2AF1A18900F23A38 /* Final project.app */;
			productType = "com.apple.product-type.application";
		};
/* End PBXNativeTarget section */

/* Begin PBXProject section */
		516D11072AF1A18900F23A38 /* Project object */ = {
			isa = PBXProject;
			attributes = {
				BuildIndependentTargetsInParallel = 1;
				LastSwiftUpdateCheck = 1500;
				LastUpgradeCheck = 1500;
				TargetAttributes = {
					516D110E2AF1A18900F23A38 = {
						CreatedOnToolsVersion = 15.0.1;
					};
				};
			};
			buildConfigurationList = 516D110A2AF1A18900F23A38 /* Build configuration list for PBXProject "Final project" */;
			compatibilityVersion = "Xcode 14.0";
			developmentRegion = en;
			hasScannedForEncodings = 0;
			knownRegions = (
				en,
				Base,
			);
			mainGroup = 516D11062AF1A18900F23A38;
			productRefGroup = 516D11102AF1A18900F23A38 /* Products */;
			projectDirPath = "";
			projectRoot = "";
			targets = (
				516D110E2AF1A18900F23A38 /* Final project */,
			);
		};
/* End PBXProject section */

/* Begin PBXResourcesBuildPhase section */
		516D110D2AF1A18900F23A38 /* Resources */ = {
			isa = PBXResourcesBuildPhase;
			buildActionMask = 2147483647;
			files = (
				516D111F2AF1A18A00F23A38 /* LaunchScreen.storyboard in Resources */,
				516D111C2AF1A18A00F23A38 /* Assets.xcassets in Resources */,
			);
			runOnlyForDeploymentPostprocessing = 0;
		};
/* End PBXResourcesBuildPhase section */

/* Begin PBXSourcesBuildPhase section */
		516D110B2AF1A18900F23A38 /* Sources */ = {
			isa = PBXSourcesBuildPhase;
			buildActionMask = 2147483647;
			files = (
				516D11172AF1A18900F23A38 /* CountdownsTableViewController.swift in Sources */,
				516D11132AF1A18900F23A38 /* AppDelegate.swift in Sources */,
				516D112D2AF2A27400F23A38 /* Theme.swift in Sources */,
				516D11152AF1A18900F23A38 /* SceneDelegate.swift in Sources */,
				516D112B2AF1A9FE00F23A38 /* CountdownTableViewCell.swift in Sources */,
				516D11272AF1A24700F23A38 /* Countdown.swift in Sources */,
				516D11292AF1A66000F23A38 /* DateCreator.swift in Sources */,
			);
			runOnlyForDeploymentPostprocessing = 0;
		};
/* End PBXSourcesBuildPhase section */

/* Begin PBXVariantGroup section */
		516D111D2AF1A18A00F23A38 /* LaunchScreen.storyboard */ = {
			isa = PBXVariantGroup;
			children = (
				516D111E2AF1A18A00F23A38 /* Base */,
			);
			name = LaunchScreen.storyboard;
			sourceTree = "<group>";
		};
/* End PBXVariantGroup section */

/* Begin XCBuildConfiguration section */
		516D11212AF1A18A00F23A38 /* Debug */ = {
			isa = XCBuildConfiguration;
			buildSettings = {
				ALWAYS_SEARCH_USER_PATHS = NO;
				ASSETCATALOG_COMPILER_GENERATE_SWIFT_ASSET_SYMBOL_EXTENSIONS = YES;
				CLANG_ANALYZER_NONNULL = YES;
				CLANG_ANALYZER_NUMBER_OBJECT_CONVERSION = YES_AGGRESSIVE;
				CLANG_CXX_LANGUAGE_STANDARD = "gnu++20";
				CLANG_ENABLE_MODULES = YES;
				CLANG_ENABLE_OBJC_ARC = YES;
				CLANG_ENABLE_OBJC_WEAK = YES;
				CLANG_WARN_BLOCK_CAPTURE_AUTORELEASING = YES;
				CLANG_WARN_BOOL_CONVERSION = YES;
				CLANG_WARN_COMMA = YES;
				CLANG_WARN_CONSTANT_CONVERSION = YES;
				CLANG_WARN_DEPRECATED_OBJC_IMPLEMENTATIONS = YES;
				CLANG_WARN_DIRECT_OBJC_ISA_USAGE = YES_ERROR;
				CLANG_WARN_DOCUMENTATION_COMMENTS = YES;
				CLANG_WARN_EMPTY_BODY = YES;
				CLANG_WARN_ENUM_CONVERSION = YES;
				CLANG_WARN_INFINITE_RECURSION = YES;
				CLANG_WARN_INT_CONVERSION = YES;
				CLANG_WARN_NON_LITERAL_NULL_CONVERSION = YES;
				CLANG_WARN_OBJC_IMPLICIT_RETAIN_SELF = YES;
				CLANG_WARN_OBJC_LITERAL_CONVERSION = YES;
				CLANG_WARN_OBJC_ROOT_CLASS = YES_ERROR;
				CLANG_WARN_QUOTED_INCLUDE_IN_FRAMEWORK_HEADER = YES;
				CLANG_WARN_RANGE_LOOP_ANALYSIS = YES;
				CLANG_WARN_STRICT_PROTOTYPES = YES;
				CLANG_WARN_SUSPICIOUS_MOVE = YES;
				CLANG_WARN_UNGUARDED_AVAILABILITY = YES_AGGRESSIVE;
				CLANG_WARN_UNREACHABLE_CODE = YES;
				CLANG_WARN__DUPLICATE_METHOD_MATCH = YES;
				COPY_PHASE_STRIP = NO;
				DEBUG_INFORMATION_FORMAT = dwarf;
				ENABLE_STRICT_OBJC_MSGSEND = YES;
				ENABLE_TESTABILITY = YES;
				ENABLE_USER_SCRIPT_SANDBOXING = YES;
				GCC_C_LANGUAGE_STANDARD = gnu17;
				GCC_DYNAMIC_NO_PIC = NO;
				GCC_NO_COMMON_BLOCKS = YES;
				GCC_OPTIMIZATION_LEVEL = 0;
				GCC_PREPROCESSOR_DEFINITIONS = (
					"DEBUG=1",
					"$(inherited)",
				);
				GCC_WARN_64_TO_32_BIT_CONVERSION = YES;
				GCC_WARN_ABOUT_RETURN_TYPE = YES_ERROR;
				GCC_WARN_UNDECLARED_SELECTOR = YES;
				GCC_WARN_UNINITIALIZED_AUTOS = YES_AGGRESSIVE;
				GCC_WARN_UNUSED_FUNCTION = YES;
				GCC_WARN_UNUSED_VARIABLE = YES;
				IPHONEOS_DEPLOYMENT_TARGET = 17.0;
				LOCALIZATION_PREFERS_STRING_CATALOGS = YES;
				MTL_ENABLE_DEBUG_INFO = INCLUDE_SOURCE;
				MTL_FAST_MATH = YES;
				ONLY_ACTIVE_ARCH = YES;
				SDKROOT = iphoneos;
				SWIFT_ACTIVE_COMPILATION_CONDITIONS = "DEBUG $(inherited)";
				SWIFT_OPTIMIZATION_LEVEL = "-Onone";
			};
			name = Debug;
		};
		516D11222AF1A18A00F23A38 /* Release */ = {
			isa = XCBuildConfiguration;
			buildSettings = {
				ALWAYS_SEARCH_USER_PATHS = NO;
				ASSETCATALOG_COMPILER_GENERATE_SWIFT_ASSET_SYMBOL_EXTENSIONS = YES;
				CLANG_ANALYZER_NONNULL = YES;
				CLANG_ANALYZER_NUMBER_OBJECT_CONVERSION = YES_AGGRESSIVE;
				CLANG_CXX_LANGUAGE_STANDARD = "gnu++20";
				CLANG_ENABLE_MODULES = YES;
				CLANG_ENABLE_OBJC_ARC = YES;
				CLANG_ENABLE_OBJC_WEAK = YES;
				CLANG_WARN_BLOCK_CAPTURE_AUTORELEASING = YES;
				CLANG_WARN_BOOL_CONVERSION = YES;
				CLANG_WARN_COMMA = YES;
				CLANG_WARN_CONSTANT_CONVERSION = YES;
				CLANG_WARN_DEPRECATED_OBJC_IMPLEMENTATIONS = YES;
				CLANG_WARN_DIRECT_OBJC_ISA_USAGE = YES_ERROR;
				CLANG_WARN_DOCUMENTATION_COMMENTS = YES;
				CLANG_WARN_EMPTY_BODY = YES;
				CLANG_WARN_ENUM_CONVERSION = YES;
				CLANG_WARN_INFINITE_RECURSION = YES;
				CLANG_WARN_INT_CONVERSION = YES;
				CLANG_WARN_NON_LITERAL_NULL_CONVERSION = YES;
				CLANG_WARN_OBJC_IMPLICIT_RETAIN_SELF = YES;
				CLANG_WARN_OBJC_LITERAL_CONVERSION = YES;
				CLANG_WARN_OBJC_ROOT_CLASS = YES_ERROR;
				CLANG_WARN_QUOTED_INCLUDE_IN_FRAMEWORK_HEADER = YES;
				CLANG_WARN_RANGE_LOOP_ANALYSIS = YES;
				CLANG_WARN_STRICT_PROTOTYPES = YES;
				CLANG_WARN_SUSPICIOUS_MOVE = YES;
				CLANG_WARN_UNGUARDED_AVAILABILITY = YES_AGGRESSIVE;
				CLANG_WARN_UNREACHABLE_CODE = YES;
				CLANG_WARN__DUPLICATE_METHOD_MATCH = YES;
				COPY_PHASE_STRIP = NO;
				DEBUG_INFORMATION_FORMAT = "dwarf-with-dsym";
				ENABLE_NS_ASSERTIONS = NO;
				ENABLE_STRICT_OBJC_MSGSEND = YES;
				ENABLE_USER_SCRIPT_SANDBOXING = YES;
				GCC_C_LANGUAGE_STANDARD = gnu17;
				GCC_NO_COMMON_BLOCKS = YES;
				GCC_WARN_64_TO_32_BIT_CONVERSION = YES;
				GCC_WARN_ABOUT_RETURN_TYPE = YES_ERROR;
				GCC_WARN_UNDECLARED_SELECTOR = YES;
				GCC_WARN_UNINITIALIZED_AUTOS = YES_AGGRESSIVE;
				GCC_WARN_UNUSED_FUNCTION = YES;
				GCC_WARN_UNUSED_VARIABLE = YES;
				IPHONEOS_DEPLOYMENT_TARGET = 17.0;
				LOCALIZATION_PREFERS_STRING_CATALOGS = YES;
				MTL_ENABLE_DEBUG_INFO = NO;
				MTL_FAST_MATH = YES;
				SDKROOT = iphoneos;
				SWIFT_COMPILATION_MODE = wholemodule;
				VALIDATE_PRODUCT = YES;
			};
			name = Release;
		};
		516D11242AF1A18A00F23A38 /* Debug */ = {
			isa = XCBuildConfiguration;
			buildSettings = {
				ASSETCATALOG_COMPILER_APPICON_NAME = AppIcon;
				ASSETCATALOG_COMPILER_GLOBAL_ACCENT_COLOR_NAME = AccentColor;
				CODE_SIGN_STYLE = Automatic;
				CURRENT_PROJECT_VERSION = 1;
				DEVELOPMENT_TEAM = 4M232ZC8EQ;
				GENERATE_INFOPLIST_FILE = YES;
				INFOPLIST_FILE = "Final project/Info.plist";
				INFOPLIST_KEY_UIApplicationSupportsIndirectInputEvents = YES;
				INFOPLIST_KEY_UILaunchStoryboardName = LaunchScreen;
				INFOPLIST_KEY_UISupportedInterfaceOrientations_iPad = "UIInterfaceOrientationPortrait UIInterfaceOrientationPortraitUpsideDown UIInterfaceOrientationLandscapeLeft UIInterfaceOrientationLandscapeRight";
				INFOPLIST_KEY_UISupportedInterfaceOrientations_iPhone = "UIInterfaceOrientationPortrait UIInterfaceOrientationLandscapeLeft UIInterfaceOrientationLandscapeRight";
				LD_RUNPATH_SEARCH_PATHS = (
					"$(inherited)",
					"@executable_path/Frameworks",
				);
				MARKETING_VERSION = 1.0;
				PRODUCT_BUNDLE_IDENTIFIER = "com.maxkiselyov.Final-project";
				PRODUCT_NAME = "$(TARGET_NAME)";
				SWIFT_EMIT_LOC_STRINGS = YES;
				SWIFT_VERSION = 5.0;
				TARGETED_DEVICE_FAMILY = "1,2";
			};
			name = Debug;
		};
		516D11252AF1A18A00F23A38 /* Release */ = {
			isa = XCBuildConfiguration;
			buildSettings = {
				ASSETCATALOG_COMPILER_APPICON_NAME = AppIcon;
				ASSETCATALOG_COMPILER_GLOBAL_ACCENT_COLOR_NAME = AccentColor;
				CODE_SIGN_STYLE = Automatic;
				CURRENT_PROJECT_VERSION = 1;
				DEVELOPMENT_TEAM = 4M232ZC8EQ;
				GENERATE_INFOPLIST_FILE = YES;
				INFOPLIST_FILE = "Final project/Info.plist";
				INFOPLIST_KEY_UIApplicationSupportsIndirectInputEvents = YES;
				INFOPLIST_KEY_UILaunchStoryboardName = LaunchScreen;
				INFOPLIST_KEY_UISupportedInterfaceOrientations_iPad = "UIInterfaceOrientationPortrait UIInterfaceOrientationPortraitUpsideDown UIInterfaceOrientationLandscapeLeft UIInterfaceOrientationLandscapeRight";
				INFOPLIST_KEY_UISupportedInterfaceOrientations_iPhone = "UIInterfaceOrientationPortrait UIInterfaceOrientationLandscapeLeft UIInterfaceOrientationLandscapeRight";
				LD_RUNPATH_SEARCH_PATHS = (
					"$(inherited)",
					"@executable_path/Frameworks",
				);
				MARKETING_VERSION = 1.0;
				PRODUCT_BUNDLE_IDENTIFIER = "com.maxkiselyov.Final-project";
				PRODUCT_NAME = "$(TARGET_NAME)";
				SWIFT_EMIT_LOC_STRINGS = YES;
				SWIFT_VERSION = 5.0;
				TARGETED_DEVICE_FAMILY = "1,2";
			};
			name = Release;
		};
/* End XCBuildConfiguration section */

/* Begin XCConfigurationList section */
		516D110A2AF1A18900F23A38 /* Build configuration list for PBXProject "Final project" */ = {
			isa = XCConfigurationList;
			buildConfigurations = (
				516D11212AF1A18A00F23A38 /* Debug */,
				516D11222AF1A18A00F23A38 /* Release */,
			);
			defaultConfigurationIsVisible = 0;
			defaultConfigurationName = Release;
		};
		516D11232AF1A18A00F23A38 /* Build configuration list for PBXNativeTarget "Final project" */ = {
			isa = XCConfigurationList;
			buildConfigurations = (
				516D11242AF1A18A00F23A38 /* Debug */,
				516D11252AF1A18A00F23A38 /* Release */,
			);
			defaultConfigurationIsVisible = 0;
			defaultConfigurationName = Release;
		};
/* End XCConfigurationList section */
	};
	rootObject = 516D11072AF1A18900F23A38 /* Project object */;
}
